
Microsoft Visual Studio Solution File, Format Version 12.00
# Visual Studio 2012
Project("{FAE04EC0-301F-11D3-BF4B-00C04F79EFBC}") = "MyFirstForm", "MyFirstForm\MyFirstForm.csproj", "{A237BCA2-3416-4619-B2FA-D39B723FF243}"
EndProject
Global
	GlobalSection(SolutionConfigurationPlatforms) = preSolution
		Debug|Any CPU = Debug|Any CPU
		Release|Any CPU = Release|Any CPU
	EndGlobalSection
	GlobalSection(ProjectConfigurationPlatforms) = postSolution
		{A237BCA2-3416-4619-B2FA-D39B723FF243}.Debug|Any CPU.ActiveCfg = Debug|Any CPU
		{A237BCA2-3416-4619-B2FA-D39B723FF243}.Debug|Any CPU.Build.0 = Debug|Any CPU
		{A237BCA2-3416-4619-B2FA-D39B723FF243}.Release|Any CPU.ActiveCfg = Release|Any CPU
		{A237BCA2-3416-4619-B2FA-D39B723FF243}.Release|Any CPU.Build.0 = Release|Any CPU
	EndGlobalSection
	GlobalSection(SolutionProperties) = preSolution
		HideSolutionNode = FALSE
	EndGlobalSection
EndGlobal
